{
  "name": "fs-wishlist",
  "version": "1.1.2",
  "dependencies": {
    "bluebird": {
      "version": "3.2.1",
      "from": "bluebird@>=3.0.0 <4.0.0",
      "resolved": "https://registry.npmjs.org/bluebird/-/bluebird-3.2.1.tgz"
    },
    "extend": {
      "version": "3.0.0",
      "from": "extend@>=3.0.0 <4.0.0",
      "resolved": "https://registry.npmjs.org/extend/-/extend-3.0.0.tgz"
    }
  }
}
